
Microsoft Visual Studio Solution File, Format Version 12.00
# Visual Studio Version 17
VisualStudioVersion = 17.7.34024.191
MinimumVisualStudioVersion = 10.0.40219.1
Project("{FAE04EC0-301F-11D3-BF4B-00C04F79EFBC}") = "CurrencyService", "CurrencyService.csproj", "{69E6E6F7-7A05-4DCA-BFA5-4D1EBD6D3314}"
EndProject
Global
	GlobalSection(SolutionConfigurationPlatforms) = preSolution
		Debug|Any CPU = Debug|Any CPU
		Release|Any CPU = Release|Any CPU
	EndGlobalSection
	GlobalSection(ProjectConfigurationPlatforms) = postSolution
		{69E6E6F7-7A05-4DCA-BFA5-4D1EBD6D3314}.Debug|Any CPU.ActiveCfg = Debug|Any CPU
		{69E6E6F7-7A05-4DCA-BFA5-4D1EBD6D3314}.Debug|Any CPU.Build.0 = Debug|Any CPU
		{69E6E6F7-7A05-4DCA-BFA5-4D1EBD6D3314}.Release|Any CPU.ActiveCfg = Release|Any CPU
		{69E6E6F7-7A05-4DCA-BFA5-4D1EBD6D3314}.Release|Any CPU.Build.0 = Release|Any CPU
	EndGlobalSection
	GlobalSection(SolutionProperties) = preSolution
		HideSolutionNode = FALSE
	EndGlobalSection
	GlobalSection(ExtensibilityGlobals) = postSolution
		SolutionGuid = {B288AE98-6005-413E-BF12-4E2B17891E6F}
	EndGlobalSection
EndGlobal
